
Microsoft Visual Studio Solution File, Format Version 12.00
# Visual Studio Version 17
VisualStudioVersion = 17.9.34622.214
MinimumVisualStudioVersion = 10.0.40219.1
Project("{FAE04EC0-301F-11D3-BF4B-00C04F79EFBC}") = "BGME.MDmp3.API", "BGME.MDMp3.API\BGME.MDmp3.API.csproj", "{7E8C859D-C5D9-4006-A023-C8F04232A2E8}"
EndProject
Project("{FAE04EC0-301F-11D3-BF4B-00C04F79EFBC}") = "BGME.MDmp3.API.Config", "BGME.MDmp3.API.Config\BGME.MDmp3.API.Config.csproj", "{367DF25B-3DD1-4A52-AA6F-A188E6BFC644}"
EndProject
Project("{FAE04EC0-301F-11D3-BF4B-00C04F79EFBC}") = "BGME.MDmp3.API.Interfaces", "BGME.MDmp3.API.Interfaces\BGME.MDmp3.API.Interfaces.csproj", "{8DFDE261-1601-489A-920D-7FE36E176FEE}"
EndProject
Global
	GlobalSection(SolutionConfigurationPlatforms) = preSolution
		Debug|Any CPU = Debug|Any CPU
		Release|Any CPU = Release|Any CPU
	EndGlobalSection
	GlobalSection(ProjectConfigurationPlatforms) = postSolution
		{7E8C859D-C5D9-4006-A023-C8F04232A2E8}.Debug|Any CPU.ActiveCfg = Debug|Any CPU
		{7E8C859D-C5D9-4006-A023-C8F04232A2E8}.Debug|Any CPU.Build.0 = Debug|Any CPU
		{7E8C859D-C5D9-4006-A023-C8F04232A2E8}.Release|Any CPU.ActiveCfg = Release|Any CPU
		{7E8C859D-C5D9-4006-A023-C8F04232A2E8}.Release|Any CPU.Build.0 = Release|Any CPU
		{367DF25B-3DD1-4A52-AA6F-A188E6BFC644}.Debug|Any CPU.ActiveCfg = Debug|Any CPU
		{367DF25B-3DD1-4A52-AA6F-A188E6BFC644}.Debug|Any CPU.Build.0 = Debug|Any CPU
		{367DF25B-3DD1-4A52-AA6F-A188E6BFC644}.Release|Any CPU.ActiveCfg = Release|Any CPU
		{367DF25B-3DD1-4A52-AA6F-A188E6BFC644}.Release|Any CPU.Build.0 = Release|Any CPU
		{8DFDE261-1601-489A-920D-7FE36E176FEE}.Debug|Any CPU.ActiveCfg = Debug|Any CPU
		{8DFDE261-1601-489A-920D-7FE36E176FEE}.Debug|Any CPU.Build.0 = Debug|Any CPU
		{8DFDE261-1601-489A-920D-7FE36E176FEE}.Release|Any CPU.ActiveCfg = Release|Any CPU
		{8DFDE261-1601-489A-920D-7FE36E176FEE}.Release|Any CPU.Build.0 = Release|Any CPU
	EndGlobalSection
	GlobalSection(SolutionProperties) = preSolution
		HideSolutionNode = FALSE
	EndGlobalSection
	GlobalSection(ExtensibilityGlobals) = postSolution
		SolutionGuid = {24045BD4-0A6D-4D0E-BABF-6AD810999A34}
	EndGlobalSection
EndGlobal
