
Microsoft Visual Studio Solution File, Format Version 12.00
# Visual Studio Version 17
VisualStudioVersion = 17.9.34622.214
MinimumVisualStudioVersion = 10.0.40219.1
Project("{9A19103F-16F7-4668-BE54-9A1E7A4F7556}") = "BGME.MDmp3", "BGME.MDMp3.API\BGME.MDmp3.csproj", "{7E8C859D-C5D9-4006-A023-C8F04232A2E8}"
	ProjectSection(ProjectDependencies) = postProject
		{1A2AD6E6-7F04-409A-96B9-00F43949A6EE} = {1A2AD6E6-7F04-409A-96B9-00F43949A6EE}
		{3B8434CE-98B8-4690-95B2-1EC12F073185} = {3B8434CE-98B8-4690-95B2-1EC12F073185}
		{3F713D90-0226-4E97-82D0-EC35700B97FB} = {3F713D90-0226-4E97-82D0-EC35700B97FB}
	EndProjectSection
EndProject
Project("{9A19103F-16F7-4668-BE54-9A1E7A4F7556}") = "BGME.MDmp3.Config", "BGME.MDmp3.API.Config\BGME.MDmp3.Config.csproj", "{367DF25B-3DD1-4A52-AA6F-A188E6BFC644}"
	ProjectSection(ProjectDependencies) = postProject
		{8DFDE261-1601-489A-920D-7FE36E176FEE} = {8DFDE261-1601-489A-920D-7FE36E176FEE}
	EndProjectSection
EndProject
Project("{9A19103F-16F7-4668-BE54-9A1E7A4F7556}") = "BGME.MDmp3.Interfaces", "BGME.MDmp3.API.Interfaces\BGME.MDmp3.Interfaces.csproj", "{8DFDE261-1601-489A-920D-7FE36E176FEE}"
EndProject
Project("{9A19103F-16F7-4668-BE54-9A1E7A4F7556}") = "BGME.Framework.Interfaces", "submodules\BGME\BGME.Framework.Interfaces\BGME.Framework.Interfaces.csproj", "{3B8434CE-98B8-4690-95B2-1EC12F073185}"
EndProject
Project("{9A19103F-16F7-4668-BE54-9A1E7A4F7556}") = "Phos.MusicManager.Library", "submodules\phos-music-manager\Phos.MusicManager.Library\Phos.MusicManager.Library.csproj", "{1A2AD6E6-7F04-409A-96B9-00F43949A6EE}"
EndProject
Project("{9A19103F-16F7-4668-BE54-9A1E7A4F7556}") = "PersonaModdingMetadata.Shared", "submodules\PersonaModdingMetadata\PersonaModdingMetadata.Shared\PersonaModdingMetadata.Shared.csproj", "{3F713D90-0226-4E97-82D0-EC35700B97FB}"
EndProject
Project("{9A19103F-16F7-4668-BE54-9A1E7A4F7556}") = "BGME.Framework.P3R", "submodules\BGME\BGME.Framework.P3R\BGME.Framework.P3R.csproj", "{B610A402-B02E-441E-A0BE-CF8E46F657D9}"
EndProject
Project("{9A19103F-16F7-4668-BE54-9A1E7A4F7556}") = "BGME.Framework", "submodules\BGME\BGME.Framework\BGME.Framework.csproj", "{76299EE8-0521-4854-BCF4-1400170BE0F8}"
EndProject
Project("{9A19103F-16F7-4668-BE54-9A1E7A4F7556}") = "Project.Utils", "submodules\BGME\submodules\Project.Utils\Project.Utils.csproj", "{4698F2DE-780B-4CD5-993B-5AED67E70202}"
EndProject
Project("{9A19103F-16F7-4668-BE54-9A1E7A4F7556}") = "PersonaMusicScript.Types", "submodules\BGME\PersonaMusicScript\src\PersonaMusicScript.Types\PersonaMusicScript.Types.csproj", "{58F7971E-21A6-41EB-B689-6977596C7E4E}"
EndProject
Project("{9A19103F-16F7-4668-BE54-9A1E7A4F7556}") = "PersonaMusicScript.Library", "submodules\BGME\PersonaMusicScript\src\PersonaMusicScript.Library\PersonaMusicScript.Library.csproj", "{66FD3ABD-0D92-4C00-A250-01473AB171B4}"
EndProject
Project("{9A19103F-16F7-4668-BE54-9A1E7A4F7556}") = "p3rpc.bgm.MDmp3", "..\p3rpc.bgm.MDmP3\p3rpc.bgm.MDmp3.csproj", "{7F98F0F3-6D1E-4828-A0FB-F78CA3284806}"
EndProject
Project("{2150E333-8FDC-42A3-9474-1A3956D46DE8}") = "BGME Source", "BGME Source", "{69793CC5-F403-4EDB-8411-7203EF4CA5BB}"
EndProject
Project("{2150E333-8FDC-42A3-9474-1A3956D46DE8}") = "Dependencies", "Dependencies", "{68F1748E-35E7-485D-8759-C840058FC0F2}"
EndProject
Project("{2150E333-8FDC-42A3-9474-1A3956D46DE8}") = "P3R.CalendarUtils", "P3R.CalendarUtils", "{A1DFB74A-4A6D-40E0-BADF-4994CA20E8B9}"
EndProject
Project("{9A19103F-16F7-4668-BE54-9A1E7A4F7556}") = "P3R.CalendarAPI", "submodules\P3R.CalendarUtils\P3R.CalendarUtils.API\P3R.CalendarAPI.csproj", "{8707BCE3-B466-4B17-A576-2ECA735A6684}"
EndProject
Project("{2150E333-8FDC-42A3-9474-1A3956D46DE8}") = "Dependencies", "Dependencies", "{577300F2-B4DE-4E4B-A730-4E9F14B2E263}"
EndProject
Project("{9A19103F-16F7-4668-BE54-9A1E7A4F7556}") = "Project.Utils", "submodules\P3R.CalendarUtils\Submodules\Project.Utils\Project.Utils.csproj", "{B272A6FD-176E-460A-A39C-0C2FF9A50027}"
EndProject
Global
	GlobalSection(SolutionConfigurationPlatforms) = preSolution
		Debug|Any CPU = Debug|Any CPU
		Release|Any CPU = Release|Any CPU
	EndGlobalSection
	GlobalSection(ProjectConfigurationPlatforms) = postSolution
		{7E8C859D-C5D9-4006-A023-C8F04232A2E8}.Debug|Any CPU.ActiveCfg = Debug|Any CPU
		{7E8C859D-C5D9-4006-A023-C8F04232A2E8}.Debug|Any CPU.Build.0 = Debug|Any CPU
		{7E8C859D-C5D9-4006-A023-C8F04232A2E8}.Release|Any CPU.ActiveCfg = Release|Any CPU
		{7E8C859D-C5D9-4006-A023-C8F04232A2E8}.Release|Any CPU.Build.0 = Release|Any CPU
		{367DF25B-3DD1-4A52-AA6F-A188E6BFC644}.Debug|Any CPU.ActiveCfg = Debug|Any CPU
		{367DF25B-3DD1-4A52-AA6F-A188E6BFC644}.Debug|Any CPU.Build.0 = Debug|Any CPU
		{367DF25B-3DD1-4A52-AA6F-A188E6BFC644}.Release|Any CPU.ActiveCfg = Release|Any CPU
		{367DF25B-3DD1-4A52-AA6F-A188E6BFC644}.Release|Any CPU.Build.0 = Release|Any CPU
		{8DFDE261-1601-489A-920D-7FE36E176FEE}.Debug|Any CPU.ActiveCfg = Debug|Any CPU
		{8DFDE261-1601-489A-920D-7FE36E176FEE}.Debug|Any CPU.Build.0 = Debug|Any CPU
		{8DFDE261-1601-489A-920D-7FE36E176FEE}.Release|Any CPU.ActiveCfg = Release|Any CPU
		{8DFDE261-1601-489A-920D-7FE36E176FEE}.Release|Any CPU.Build.0 = Release|Any CPU
		{3B8434CE-98B8-4690-95B2-1EC12F073185}.Debug|Any CPU.ActiveCfg = Debug|Any CPU
		{3B8434CE-98B8-4690-95B2-1EC12F073185}.Debug|Any CPU.Build.0 = Debug|Any CPU
		{3B8434CE-98B8-4690-95B2-1EC12F073185}.Release|Any CPU.ActiveCfg = Release|Any CPU
		{3B8434CE-98B8-4690-95B2-1EC12F073185}.Release|Any CPU.Build.0 = Release|Any CPU
		{1A2AD6E6-7F04-409A-96B9-00F43949A6EE}.Debug|Any CPU.ActiveCfg = Debug|Any CPU
		{1A2AD6E6-7F04-409A-96B9-00F43949A6EE}.Debug|Any CPU.Build.0 = Debug|Any CPU
		{1A2AD6E6-7F04-409A-96B9-00F43949A6EE}.Release|Any CPU.ActiveCfg = Release|Any CPU
		{1A2AD6E6-7F04-409A-96B9-00F43949A6EE}.Release|Any CPU.Build.0 = Release|Any CPU
		{3F713D90-0226-4E97-82D0-EC35700B97FB}.Debug|Any CPU.ActiveCfg = Debug|Any CPU
		{3F713D90-0226-4E97-82D0-EC35700B97FB}.Debug|Any CPU.Build.0 = Debug|Any CPU
		{3F713D90-0226-4E97-82D0-EC35700B97FB}.Release|Any CPU.ActiveCfg = Release|Any CPU
		{3F713D90-0226-4E97-82D0-EC35700B97FB}.Release|Any CPU.Build.0 = Release|Any CPU
		{B610A402-B02E-441E-A0BE-CF8E46F657D9}.Debug|Any CPU.ActiveCfg = Debug|Any CPU
		{B610A402-B02E-441E-A0BE-CF8E46F657D9}.Debug|Any CPU.Build.0 = Debug|Any CPU
		{B610A402-B02E-441E-A0BE-CF8E46F657D9}.Release|Any CPU.ActiveCfg = Release|Any CPU
		{B610A402-B02E-441E-A0BE-CF8E46F657D9}.Release|Any CPU.Build.0 = Release|Any CPU
		{76299EE8-0521-4854-BCF4-1400170BE0F8}.Debug|Any CPU.ActiveCfg = Debug|Any CPU
		{76299EE8-0521-4854-BCF4-1400170BE0F8}.Debug|Any CPU.Build.0 = Debug|Any CPU
		{76299EE8-0521-4854-BCF4-1400170BE0F8}.Release|Any CPU.ActiveCfg = Release|Any CPU
		{76299EE8-0521-4854-BCF4-1400170BE0F8}.Release|Any CPU.Build.0 = Release|Any CPU
		{4698F2DE-780B-4CD5-993B-5AED67E70202}.Debug|Any CPU.ActiveCfg = Debug|Any CPU
		{4698F2DE-780B-4CD5-993B-5AED67E70202}.Debug|Any CPU.Build.0 = Debug|Any CPU
		{4698F2DE-780B-4CD5-993B-5AED67E70202}.Release|Any CPU.ActiveCfg = Release|Any CPU
		{4698F2DE-780B-4CD5-993B-5AED67E70202}.Release|Any CPU.Build.0 = Release|Any CPU
		{58F7971E-21A6-41EB-B689-6977596C7E4E}.Debug|Any CPU.ActiveCfg = Debug|Any CPU
		{58F7971E-21A6-41EB-B689-6977596C7E4E}.Debug|Any CPU.Build.0 = Debug|Any CPU
		{58F7971E-21A6-41EB-B689-6977596C7E4E}.Release|Any CPU.ActiveCfg = Release|Any CPU
		{58F7971E-21A6-41EB-B689-6977596C7E4E}.Release|Any CPU.Build.0 = Release|Any CPU
		{66FD3ABD-0D92-4C00-A250-01473AB171B4}.Debug|Any CPU.ActiveCfg = Debug|Any CPU
		{66FD3ABD-0D92-4C00-A250-01473AB171B4}.Debug|Any CPU.Build.0 = Debug|Any CPU
		{66FD3ABD-0D92-4C00-A250-01473AB171B4}.Release|Any CPU.ActiveCfg = Release|Any CPU
		{66FD3ABD-0D92-4C00-A250-01473AB171B4}.Release|Any CPU.Build.0 = Release|Any CPU
		{7F98F0F3-6D1E-4828-A0FB-F78CA3284806}.Debug|Any CPU.ActiveCfg = Debug|Any CPU
		{7F98F0F3-6D1E-4828-A0FB-F78CA3284806}.Debug|Any CPU.Build.0 = Debug|Any CPU
		{7F98F0F3-6D1E-4828-A0FB-F78CA3284806}.Release|Any CPU.ActiveCfg = Release|Any CPU
		{7F98F0F3-6D1E-4828-A0FB-F78CA3284806}.Release|Any CPU.Build.0 = Release|Any CPU
		{8707BCE3-B466-4B17-A576-2ECA735A6684}.Debug|Any CPU.ActiveCfg = Debug|Any CPU
		{8707BCE3-B466-4B17-A576-2ECA735A6684}.Debug|Any CPU.Build.0 = Debug|Any CPU
		{8707BCE3-B466-4B17-A576-2ECA735A6684}.Release|Any CPU.ActiveCfg = Release|Any CPU
		{8707BCE3-B466-4B17-A576-2ECA735A6684}.Release|Any CPU.Build.0 = Release|Any CPU
		{B272A6FD-176E-460A-A39C-0C2FF9A50027}.Debug|Any CPU.ActiveCfg = Debug|Any CPU
		{B272A6FD-176E-460A-A39C-0C2FF9A50027}.Debug|Any CPU.Build.0 = Debug|Any CPU
		{B272A6FD-176E-460A-A39C-0C2FF9A50027}.Release|Any CPU.ActiveCfg = Release|Any CPU
		{B272A6FD-176E-460A-A39C-0C2FF9A50027}.Release|Any CPU.Build.0 = Release|Any CPU
	EndGlobalSection
	GlobalSection(SolutionProperties) = preSolution
		HideSolutionNode = FALSE
	EndGlobalSection
	GlobalSection(NestedProjects) = preSolution
		{3B8434CE-98B8-4690-95B2-1EC12F073185} = {69793CC5-F403-4EDB-8411-7203EF4CA5BB}
		{1A2AD6E6-7F04-409A-96B9-00F43949A6EE} = {68F1748E-35E7-485D-8759-C840058FC0F2}
		{3F713D90-0226-4E97-82D0-EC35700B97FB} = {68F1748E-35E7-485D-8759-C840058FC0F2}
		{B610A402-B02E-441E-A0BE-CF8E46F657D9} = {69793CC5-F403-4EDB-8411-7203EF4CA5BB}
		{76299EE8-0521-4854-BCF4-1400170BE0F8} = {69793CC5-F403-4EDB-8411-7203EF4CA5BB}
		{4698F2DE-780B-4CD5-993B-5AED67E70202} = {68F1748E-35E7-485D-8759-C840058FC0F2}
		{58F7971E-21A6-41EB-B689-6977596C7E4E} = {68F1748E-35E7-485D-8759-C840058FC0F2}
		{66FD3ABD-0D92-4C00-A250-01473AB171B4} = {68F1748E-35E7-485D-8759-C840058FC0F2}
		{8707BCE3-B466-4B17-A576-2ECA735A6684} = {A1DFB74A-4A6D-40E0-BADF-4994CA20E8B9}
		{577300F2-B4DE-4E4B-A730-4E9F14B2E263} = {A1DFB74A-4A6D-40E0-BADF-4994CA20E8B9}
		{B272A6FD-176E-460A-A39C-0C2FF9A50027} = {577300F2-B4DE-4E4B-A730-4E9F14B2E263}
	EndGlobalSection
	GlobalSection(ExtensibilityGlobals) = postSolution
		SolutionGuid = {24045BD4-0A6D-4D0E-BABF-6AD810999A34}
	EndGlobalSection
EndGlobal
